
Microsoft Visual Studio Solution File, Format Version 12.00
# Visual Studio Version 17
VisualStudioVersion = 17.1.32414.318
MinimumVisualStudioVersion = 10.0.40219.1
Project("{FAE04EC0-301F-11D3-BF4B-00C04F79EFBC}") = "InfoBar", "InfoBar\InfoBar.csproj", "{8BF49842-ED3D-407D-8303-3983DA25BD64}"
EndProject
Project("{FAE04EC0-301F-11D3-BF4B-00C04F79EFBC}") = "InfoBar.Demo", "InfoBar.Demo\InfoBar.Demo.csproj", "{EBA5146F-EF30-4038-AAD7-CD7726EE532E}"
EndProject
Global
	GlobalSection(SolutionConfigurationPlatforms) = preSolution
		Debug|Any CPU = Debug|Any CPU
		Release|Any CPU = Release|Any CPU
	EndGlobalSection
	GlobalSection(ProjectConfigurationPlatforms) = postSolution
		{8BF49842-ED3D-407D-8303-3983DA25BD64}.Debug|Any CPU.ActiveCfg = Debug|Any CPU
		{8BF49842-ED3D-407D-8303-3983DA25BD64}.Debug|Any CPU.Build.0 = Debug|Any CPU
		{8BF49842-ED3D-407D-8303-3983DA25BD64}.Release|Any CPU.ActiveCfg = Release|Any CPU
		{8BF49842-ED3D-407D-8303-3983DA25BD64}.Release|Any CPU.Build.0 = Release|Any CPU
		{EBA5146F-EF30-4038-AAD7-CD7726EE532E}.Debug|Any CPU.ActiveCfg = Debug|Any CPU
		{EBA5146F-EF30-4038-AAD7-CD7726EE532E}.Debug|Any CPU.Build.0 = Debug|Any CPU
		{EBA5146F-EF30-4038-AAD7-CD7726EE532E}.Release|Any CPU.ActiveCfg = Release|Any CPU
		{EBA5146F-EF30-4038-AAD7-CD7726EE532E}.Release|Any CPU.Build.0 = Release|Any CPU
	EndGlobalSection
	GlobalSection(SolutionProperties) = preSolution
		HideSolutionNode = FALSE
	EndGlobalSection
	GlobalSection(ExtensibilityGlobals) = postSolution
		SolutionGuid = {BF58D137-6604-4411-8838-63E4356D8DA3}
	EndGlobalSection
EndGlobal
